# This file is automatically @generated by Cargo.
# It is not intended for manual editing.
version = 4

[[package]]
name = "satva-arrow"
version = "0.1.0"

[[package]]
name = "satva-cli"
version = "0.1.0"
dependencies = [
 "satva-core",
]

[[package]]
name = "satva-core"
version = "0.1.0"

[[package]]
name = "satva-execution"
version = "0.1.0"

[[package]]
name = "satva-expr"
version = "0.1.0"

[[package]]
name = "satva-io"
version = "0.1.0"

[[package]]
name = "satva-python"
version = "0.1.0"
